
Microsoft Visual Studio Solution File, Format Version 12.00
# Visual Studio Version 17
VisualStudioVersion = 17.10.35013.160
MinimumVisualStudioVersion = 10.0.40219.1
Project("{FAE04EC0-301F-11D3-BF4B-00C04F79EFBC}") = "Boble_sort", "ConsoleApp13\Boble_sort.csproj", "{AD9C4B26-1C40-4840-9760-8C9D83D24028}"
EndProject
Global
	GlobalSection(SolutionConfigurationPlatforms) = preSolution
		Debug|Any CPU = Debug|Any CPU
		Release|Any CPU = Release|Any CPU
	EndGlobalSection
	GlobalSection(ProjectConfigurationPlatforms) = postSolution
		{AD9C4B26-1C40-4840-9760-8C9D83D24028}.Debug|Any CPU.ActiveCfg = Debug|Any CPU
		{AD9C4B26-1C40-4840-9760-8C9D83D24028}.Debug|Any CPU.Build.0 = Debug|Any CPU
		{AD9C4B26-1C40-4840-9760-8C9D83D24028}.Release|Any CPU.ActiveCfg = Release|Any CPU
		{AD9C4B26-1C40-4840-9760-8C9D83D24028}.Release|Any CPU.Build.0 = Release|Any CPU
	EndGlobalSection
	GlobalSection(SolutionProperties) = preSolution
		HideSolutionNode = FALSE
	EndGlobalSection
	GlobalSection(ExtensibilityGlobals) = postSolution
		SolutionGuid = {5FF7077E-4F2B-440C-AA1F-9492714D7F7B}
	EndGlobalSection
EndGlobal
